
Microsoft Visual Studio Solution File, Format Version 12.00
# Visual Studio Version 17
VisualStudioVersion = 17.7.34024.191
MinimumVisualStudioVersion = 10.0.40219.1
Project("{FAE04EC0-301F-11D3-BF4B-00C04F79EFBC}") = "hodian5", "hodian5.csproj", "{221EFBF0-D372-454F-97A2-0CFF8D468108}"
EndProject
Global
	GlobalSection(SolutionConfigurationPlatforms) = preSolution
		Debug|Any CPU = Debug|Any CPU
		Release|Any CPU = Release|Any CPU
	EndGlobalSection
	GlobalSection(ProjectConfigurationPlatforms) = postSolution
		{221EFBF0-D372-454F-97A2-0CFF8D468108}.Debug|Any CPU.ActiveCfg = Debug|Any CPU
		{221EFBF0-D372-454F-97A2-0CFF8D468108}.Debug|Any CPU.Build.0 = Debug|Any CPU
		{221EFBF0-D372-454F-97A2-0CFF8D468108}.Release|Any CPU.ActiveCfg = Release|Any CPU
		{221EFBF0-D372-454F-97A2-0CFF8D468108}.Release|Any CPU.Build.0 = Release|Any CPU
	EndGlobalSection
	GlobalSection(SolutionProperties) = preSolution
		HideSolutionNode = FALSE
	EndGlobalSection
	GlobalSection(ExtensibilityGlobals) = postSolution
		SolutionGuid = {FC0C1FCD-9222-40A4-8EE2-59DCCE52C22C}
	EndGlobalSection
EndGlobal
